// !$*UTF8*$!
{
	archiveVersion = 1;
	classes = {
	};
	objectVersion = 46;
	objects = {

/* Begin PBXBuildFile section */
		EE30A4BD145B91C30077E832 /* UIKit.framework in Frameworks */ = {isa = PBXBuildFile; fileRef = EE30A4BC145B91C30077E832 /* UIKit.framework */; };
		EE30A4BF145B91C30077E832 /* Foundation.framework in Frameworks */ = {isa = PBXBuildFile; fileRef = EE30A4BE145B91C30077E832 /* Foundation.framework */; };
		EE30A4C1145B91C30077E832 /* CoreGraphics.framework in Frameworks */ = {isa = PBXBuildFile; fileRef = EE30A4C0145B91C30077E832 /* CoreGraphics.framework */; };
		EE30A4C7145B91C30077E832 /* InfoPlist.strings in Resources */ = {isa = PBXBuildFile; fileRef = EE30A4C5145B91C30077E832 /* InfoPlist.strings */; };
		EE4434B914915FAC00CC6344 /* INMedEditViewController.m in Sources */ = {isa = PBXBuildFile; fileRef = EE4434B814915FAC00CC6344 /* INMedEditViewController.m */; };
		EE4434BD1491608000CC6344 /* INMedDetailTile.m in Sources */ = {isa = PBXBuildFile; fileRef = EE4434BC1491608000CC6344 /* INMedDetailTile.m */; };
		EE4434BF149168BA00CC6344 /* INMedDetailTile.xib in Resources */ = {isa = PBXBuildFile; fileRef = EE4434BE149168BA00CC6344 /* INMedDetailTile.xib */; };
		EE4434C11491726C00CC6344 /* buttonGray.png in Resources */ = {isa = PBXBuildFile; fileRef = EE4434C01491726C00CC6344 /* buttonGray.png */; };
		EE4434C314917CF500CC6344 /* buttonRed.png in Resources */ = {isa = PBXBuildFile; fileRef = EE4434C214917CF500CC6344 /* buttonRed.png */; };
		EE4434C514917F7500CC6344 /* buttonBlue.png in Resources */ = {isa = PBXBuildFile; fileRef = EE4434C414917F7500CC6344 /* buttonBlue.png */; };
		EE4434C7149188A500CC6344 /* buttonPressed.png in Resources */ = {isa = PBXBuildFile; fileRef = EE4434C6149188A500CC6344 /* buttonPressed.png */; };
		EE4434C9149188AB00CC6344 /* buttonDisabled.png in Resources */ = {isa = PBXBuildFile; fileRef = EE4434C8149188AB00CC6344 /* buttonDisabled.png */; };
		EE4434CB1491892600CC6344 /* buttonGreen.png in Resources */ = {isa = PBXBuildFile; fileRef = EE4434CA1491892600CC6344 /* buttonGreen.png */; };
		EE47260E1472D22600EAFDA3 /* INRxNormLoader.m in Sources */ = {isa = PBXBuildFile; fileRef = EE47260D1472D22600EAFDA3 /* INRxNormLoader.m */; };
		EE472611147308EA00EAFDA3 /* pillDefault.png in Resources */ = {isa = PBXBuildFile; fileRef = EE472610147308EA00EAFDA3 /* pillDefault.png */; };
		EE47261514730FC400EAFDA3 /* INEditMedViewController.m in Sources */ = {isa = PBXBuildFile; fileRef = EE47261414730FC400EAFDA3 /* INEditMedViewController.m */; };
		EE4726171473102B00EAFDA3 /* INEditMedViewController.xib in Resources */ = {isa = PBXBuildFile; fileRef = EE4726161473102B00EAFDA3 /* INEditMedViewController.xib */; };
		EE6461E2145F1AA20007C6B9 /* INAppDelegate.m in Sources */ = {isa = PBXBuildFile; fileRef = EE30A4CC145B91C30077E832 /* INAppDelegate.m */; };
		EE6461E3145F1AA60007C6B9 /* INMedListController.m in Sources */ = {isa = PBXBuildFile; fileRef = EE30A4CF145B91C30077E832 /* INMedListController.m */; };
		EE6461E4145F1AA80007C6B9 /* INNewMedViewController.m in Sources */ = {isa = PBXBuildFile; fileRef = EE6461D4145F17FC0007C6B9 /* INNewMedViewController.m */; };
		EE6461E5145F1AAE0007C6B9 /* main.m in Sources */ = {isa = PBXBuildFile; fileRef = EE30A4C8145B91C30077E832 /* main.m */; };
		EE72154414748CA4008835C5 /* tile.png in Resources */ = {isa = PBXBuildFile; fileRef = EE72154314748CA4008835C5 /* tile.png */; };
		EE72154714749299008835C5 /* UIView+Utilities.m in Sources */ = {isa = PBXBuildFile; fileRef = EE72154614749299008835C5 /* UIView+Utilities.m */; };
		EE9F067814688252000412C4 /* NSArray+NilProtection.m in Sources */ = {isa = PBXBuildFile; fileRef = EE9F067714688252000412C4 /* NSArray+NilProtection.m */; };
		EEA00A871499321000F65AD9 /* INMedEditViewController.xib in Resources */ = {isa = PBXBuildFile; fileRef = EEA00A861499321000F65AD9 /* INMedEditViewController.xib */; };
		EEA00A8B149950F700F65AD9 /* INButton.m in Sources */ = {isa = PBXBuildFile; fileRef = EEA00A8A149950F700F65AD9 /* INButton.m */; };
		EEA00A8F1499595400F65AD9 /* UIViewController+Utilities.m in Sources */ = {isa = PBXBuildFile; fileRef = EEA00A8E1499595300F65AD9 /* UIViewController+Utilities.m */; };
		EEA4507F146D764500DC9EB1 /* INMedContainer.m in Sources */ = {isa = PBXBuildFile; fileRef = EEA4507E146D764500DC9EB1 /* INMedContainer.m */; };
		EEA45084146D768500DC9EB1 /* INMedTile.m in Sources */ = {isa = PBXBuildFile; fileRef = EEA45083146D768500DC9EB1 /* INMedTile.m */; };
		EECEC44814758415009D85FC /* statusGreen.png in Resources */ = {isa = PBXBuildFile; fileRef = EECEC44714758415009D85FC /* statusGreen.png */; };
		EECEC44B1475854B009D85FC /* white_carbon.png in Resources */ = {isa = PBXBuildFile; fileRef = EECEC44A1475854B009D85FC /* white_carbon.png */; };
		EECEC44D1475891D009D85FC /* QuartzCore.framework in Frameworks */ = {isa = PBXBuildFile; fileRef = EECEC44C1475891D009D85FC /* QuartzCore.framework */; };
		EECEC44F1475A0D8009D85FC /* statusGreen@2x.png in Resources */ = {isa = PBXBuildFile; fileRef = EECEC44E1475A0D8009D85FC /* statusGreen@2x.png */; };
		EEDB8DB3145CE695001C6C2C /* Security.framework in Frameworks */ = {isa = PBXBuildFile; fileRef = EEDB8DB2145CE695001C6C2C /* Security.framework */; };
		EEDB8DB5145CE69D001C6C2C /* libxml2.dylib in Frameworks */ = {isa = PBXBuildFile; fileRef = EEDB8DB4145CE69D001C6C2C /* libxml2.dylib */; };
		EEE62F92146ACB75000DA370 /* libIndivoServer.a in Frameworks */ = {isa = PBXBuildFile; fileRef = EEE62F91146ACB75000DA370 /* libIndivoServer.a */; };
		EEE62F96146AFACD000DA370 /* INTableSection.m in Sources */ = {isa = PBXBuildFile; fileRef = EEE62F95146AFACD000DA370 /* INTableSection.m */; };
/* End PBXBuildFile section */

/* Begin PBXFileReference section */
		EE30A4B8145B91C30077E832 /* MedReconcile.app */ = {isa = PBXFileReference; explicitFileType = wrapper.application; includeInIndex = 0; path = MedReconcile.app; sourceTree = BUILT_PRODUCTS_DIR; };
		EE30A4BC145B91C30077E832 /* UIKit.framework */ = {isa = PBXFileReference; lastKnownFileType = wrapper.framework; name = UIKit.framework; path = System/Library/Frameworks/UIKit.framework; sourceTree = SDKROOT; };
		EE30A4BE145B91C30077E832 /* Foundation.framework */ = {isa = PBXFileReference; lastKnownFileType = wrapper.framework; name = Foundation.framework; path = System/Library/Frameworks/Foundation.framework; sourceTree = SDKROOT; };
		EE30A4C0145B91C30077E832 /* CoreGraphics.framework */ = {isa = PBXFileReference; lastKnownFileType = wrapper.framework; name = CoreGraphics.framework; path = System/Library/Frameworks/CoreGraphics.framework; sourceTree = SDKROOT; };
		EE30A4C4145B91C30077E832 /* MedReconcile-Info.plist */ = {isa = PBXFileReference; lastKnownFileType = text.plist.xml; path = "MedReconcile-Info.plist"; sourceTree = "<group>"; };
		EE30A4C6145B91C30077E832 /* en */ = {isa = PBXFileReference; lastKnownFileType = text.plist.strings; name = en; path = en.lproj/InfoPlist.strings; sourceTree = "<group>"; };
		EE30A4C8145B91C30077E832 /* main.m */ = {isa = PBXFileReference; lastKnownFileType = sourcecode.c.objc; path = main.m; sourceTree = "<group>"; };
		EE30A4CA145B91C30077E832 /* MedReconcile-Prefix.pch */ = {isa = PBXFileReference; lastKnownFileType = sourcecode.c.h; path = "MedReconcile-Prefix.pch"; sourceTree = "<group>"; };
		EE30A4CB145B91C30077E832 /* INAppDelegate.h */ = {isa = PBXFileReference; lastKnownFileType = sourcecode.c.h; path = INAppDelegate.h; sourceTree = "<group>"; };
		EE30A4CC145B91C30077E832 /* INAppDelegate.m */ = {isa = PBXFileReference; lastKnownFileType = sourcecode.c.objc; path = INAppDelegate.m; sourceTree = "<group>"; };
		EE30A4CE145B91C30077E832 /* INMedListController.h */ = {isa = PBXFileReference; lastKnownFileType = sourcecode.c.h; path = INMedListController.h; sourceTree = "<group>"; };
		EE30A4CF145B91C30077E832 /* INMedListController.m */ = {isa = PBXFileReference; lastKnownFileType = sourcecode.c.objc; path = INMedListController.m; sourceTree = "<group>"; };
		EE4434B714915FAB00CC6344 /* INMedEditViewController.h */ = {isa = PBXFileReference; fileEncoding = 4; lastKnownFileType = sourcecode.c.h; path = INMedEditViewController.h; sourceTree = "<group>"; };
		EE4434B814915FAC00CC6344 /* INMedEditViewController.m */ = {isa = PBXFileReference; fileEncoding = 4; lastKnownFileType = sourcecode.c.objc; path = INMedEditViewController.m; sourceTree = "<group>"; };
		EE4434BB1491608000CC6344 /* INMedDetailTile.h */ = {isa = PBXFileReference; fileEncoding = 4; lastKnownFileType = sourcecode.c.h; name = INMedDetailTile.h; path = Classes/INMedDetailTile.h; sourceTree = "<group>"; };
		EE4434BC1491608000CC6344 /* INMedDetailTile.m */ = {isa = PBXFileReference; fileEncoding = 4; lastKnownFileType = sourcecode.c.objc; name = INMedDetailTile.m; path = Classes/INMedDetailTile.m; sourceTree = "<group>"; };
		EE4434BE149168BA00CC6344 /* INMedDetailTile.xib */ = {isa = PBXFileReference; fileEncoding = 4; lastKnownFileType = file.xib; name = INMedDetailTile.xib; path = Views/INMedDetailTile.xib; sourceTree = "<group>"; };
		EE4434C01491726C00CC6344 /* buttonGray.png */ = {isa = PBXFileReference; lastKnownFileType = image.png; path = buttonGray.png; sourceTree = "<group>"; };
		EE4434C214917CF500CC6344 /* buttonRed.png */ = {isa = PBXFileReference; lastKnownFileType = image.png; path = buttonRed.png; sourceTree = "<group>"; };
		EE4434C414917F7500CC6344 /* buttonBlue.png */ = {isa = PBXFileReference; lastKnownFileType = image.png; path = buttonBlue.png; sourceTree = "<group>"; };
		EE4434C6149188A500CC6344 /* buttonPressed.png */ = {isa = PBXFileReference; lastKnownFileType = image.png; path = buttonPressed.png; sourceTree = "<group>"; };
		EE4434C8149188AB00CC6344 /* buttonDisabled.png */ = {isa = PBXFileReference; lastKnownFileType = image.png; path = buttonDisabled.png; sourceTree = "<group>"; };
		EE4434CA1491892600CC6344 /* buttonGreen.png */ = {isa = PBXFileReference; lastKnownFileType = image.png; path = buttonGreen.png; sourceTree = "<group>"; };
		EE47260C1472D22600EAFDA3 /* INRxNormLoader.h */ = {isa = PBXFileReference; fileEncoding = 4; lastKnownFileType = sourcecode.c.h; name = INRxNormLoader.h; path = Classes/INRxNormLoader.h; sourceTree = "<group>"; };
		EE47260D1472D22600EAFDA3 /* INRxNormLoader.m */ = {isa = PBXFileReference; fileEncoding = 4; lastKnownFileType = sourcecode.c.objc; name = INRxNormLoader.m; path = Classes/INRxNormLoader.m; sourceTree = "<group>"; };
		EE472610147308EA00EAFDA3 /* pillDefault.png */ = {isa = PBXFileReference; lastKnownFileType = image.png; path = pillDefault.png; sourceTree = "<group>"; };
		EE47261314730FC400EAFDA3 /* INEditMedViewController.h */ = {isa = PBXFileReference; fileEncoding = 4; lastKnownFileType = sourcecode.c.h; path = INEditMedViewController.h; sourceTree = "<group>"; };
		EE47261414730FC400EAFDA3 /* INEditMedViewController.m */ = {isa = PBXFileReference; fileEncoding = 4; lastKnownFileType = sourcecode.c.objc; path = INEditMedViewController.m; sourceTree = "<group>"; };
		EE4726161473102B00EAFDA3 /* INEditMedViewController.xib */ = {isa = PBXFileReference; fileEncoding = 4; lastKnownFileType = file.xib; path = INEditMedViewController.xib; sourceTree = "<group>"; };
		EE6461D3145F17FC0007C6B9 /* INNewMedViewController.h */ = {isa = PBXFileReference; fileEncoding = 4; lastKnownFileType = sourcecode.c.h; path = INNewMedViewController.h; sourceTree = "<group>"; };
		EE6461D4145F17FC0007C6B9 /* INNewMedViewController.m */ = {isa = PBXFileReference; fileEncoding = 4; lastKnownFileType = sourcecode.c.objc; path = INNewMedViewController.m; sourceTree = "<group>"; };
		EE72154314748CA4008835C5 /* tile.png */ = {isa = PBXFileReference; lastKnownFileType = image.png; path = tile.png; sourceTree = "<group>"; };
		EE72154514749298008835C5 /* UIView+Utilities.h */ = {isa = PBXFileReference; fileEncoding = 4; lastKnownFileType = sourcecode.c.h; name = "UIView+Utilities.h"; path = "Classes/UIView+Utilities.h"; sourceTree = SOURCE_ROOT; };
		EE72154614749299008835C5 /* UIView+Utilities.m */ = {isa = PBXFileReference; fileEncoding = 4; lastKnownFileType = sourcecode.c.objc; name = "UIView+Utilities.m"; path = "Classes/UIView+Utilities.m"; sourceTree = SOURCE_ROOT; };
		EE9F067614688252000412C4 /* NSArray+NilProtection.h */ = {isa = PBXFileReference; fileEncoding = 4; lastKnownFileType = sourcecode.c.h; name = "NSArray+NilProtection.h"; path = "Classes/NSArray+NilProtection.h"; sourceTree = SOURCE_ROOT; };
		EE9F067714688252000412C4 /* NSArray+NilProtection.m */ = {isa = PBXFileReference; fileEncoding = 4; lastKnownFileType = sourcecode.c.objc; name = "NSArray+NilProtection.m"; path = "Classes/NSArray+NilProtection.m"; sourceTree = SOURCE_ROOT; };
		EEA00A861499321000F65AD9 /* INMedEditViewController.xib */ = {isa = PBXFileReference; fileEncoding = 4; lastKnownFileType = file.xib; name = INMedEditViewController.xib; path = Views/INMedEditViewController.xib; sourceTree = SOURCE_ROOT; };
		EEA00A89149950F700F65AD9 /* INButton.h */ = {isa = PBXFileReference; fileEncoding = 4; lastKnownFileType = sourcecode.c.h; name = INButton.h; path = Classes/INButton.h; sourceTree = "<group>"; };
		EEA00A8A149950F700F65AD9 /* INButton.m */ = {isa = PBXFileReference; fileEncoding = 4; lastKnownFileType = sourcecode.c.objc; name = INButton.m; path = Classes/INButton.m; sourceTree = "<group>"; };
		EEA00A8D1499595300F65AD9 /* UIViewController+Utilities.h */ = {isa = PBXFileReference; fileEncoding = 4; lastKnownFileType = sourcecode.c.h; name = "UIViewController+Utilities.h"; path = "Classes/UIViewController+Utilities.h"; sourceTree = SOURCE_ROOT; };
		EEA00A8E1499595300F65AD9 /* UIViewController+Utilities.m */ = {isa = PBXFileReference; fileEncoding = 4; lastKnownFileType = sourcecode.c.objc; name = "UIViewController+Utilities.m"; path = "Classes/UIViewController+Utilities.m"; sourceTree = SOURCE_ROOT; };
		EEA4507D146D764500DC9EB1 /* INMedContainer.h */ = {isa = PBXFileReference; fileEncoding = 4; lastKnownFileType = sourcecode.c.h; name = INMedContainer.h; path = Classes/INMedContainer.h; sourceTree = "<group>"; };
		EEA4507E146D764500DC9EB1 /* INMedContainer.m */ = {isa = PBXFileReference; fileEncoding = 4; lastKnownFileType = sourcecode.c.objc; name = INMedContainer.m; path = Classes/INMedContainer.m; sourceTree = "<group>"; };
		EEA45082146D768500DC9EB1 /* INMedTile.h */ = {isa = PBXFileReference; fileEncoding = 4; lastKnownFileType = sourcecode.c.h; name = INMedTile.h; path = Classes/INMedTile.h; sourceTree = "<group>"; };
		EEA45083146D768500DC9EB1 /* INMedTile.m */ = {isa = PBXFileReference; fileEncoding = 4; lastKnownFileType = sourcecode.c.objc; name = INMedTile.m; path = Classes/INMedTile.m; sourceTree = "<group>"; };
		EECEC44714758415009D85FC /* statusGreen.png */ = {isa = PBXFileReference; lastKnownFileType = image.png; path = statusGreen.png; sourceTree = "<group>"; };
		EECEC44A1475854B009D85FC /* white_carbon.png */ = {isa = PBXFileReference; lastKnownFileType = image.png; path = white_carbon.png; sourceTree = "<group>"; };
		EECEC44C1475891D009D85FC /* QuartzCore.framework */ = {isa = PBXFileReference; lastKnownFileType = wrapper.framework; name = QuartzCore.framework; path = System/Library/Frameworks/QuartzCore.framework; sourceTree = SDKROOT; };
		EECEC44E1475A0D8009D85FC /* statusGreen@2x.png */ = {isa = PBXFileReference; lastKnownFileType = image.png; path = "statusGreen@2x.png"; sourceTree = "<group>"; };
		EEDB8DAD145CE260001C6C2C /* libIndivoServer.a */ = {isa = PBXFileReference; lastKnownFileType = archive.ar; name = libIndivoServer.a; path = "../IndivoFramework/IndivoFramework/build/Release-iphoneos/libIndivoServer.a"; sourceTree = "<group>"; };
		EEDB8DB2145CE695001C6C2C /* Security.framework */ = {isa = PBXFileReference; lastKnownFileType = wrapper.framework; name = Security.framework; path = System/Library/Frameworks/Security.framework; sourceTree = SDKROOT; };
		EEDB8DB4145CE69D001C6C2C /* libxml2.dylib */ = {isa = PBXFileReference; lastKnownFileType = "compiled.mach-o.dylib"; name = libxml2.dylib; path = usr/lib/libxml2.dylib; sourceTree = SDKROOT; };
		EEE62F91146ACB75000DA370 /* libIndivoServer.a */ = {isa = PBXFileReference; lastKnownFileType = archive.ar; name = libIndivoServer.a; path = "../../../Library/Developer/Xcode/DerivedData/MedicationReconciliation-aglgthohrfcqnagvmblvlhwzellq/Build/Products/Debug-iphoneos/libIndivoServer.a"; sourceTree = "<group>"; };
		EEE62F94146AFACD000DA370 /* INTableSection.h */ = {isa = PBXFileReference; fileEncoding = 4; lastKnownFileType = sourcecode.c.h; name = INTableSection.h; path = Classes/INTableSection.h; sourceTree = "<group>"; };
		EEE62F95146AFACD000DA370 /* INTableSection.m */ = {isa = PBXFileReference; fileEncoding = 4; lastKnownFileType = sourcecode.c.objc; name = INTableSection.m; path = Classes/INTableSection.m; sourceTree = "<group>"; };
/* End PBXFileReference section */

/* Begin PBXFrameworksBuildPhase section */
		EE30A4B5145B91C30077E832 /* Frameworks */ = {
			isa = PBXFrameworksBuildPhase;
			buildActionMask = 2147483647;
			files = (
				EECEC44D1475891D009D85FC /* QuartzCore.framework in Frameworks */,
				EEDB8DB5145CE69D001C6C2C /* libxml2.dylib in Frameworks */,
				EEDB8DB3145CE695001C6C2C /* Security.framework in Frameworks */,
				EEE62F92146ACB75000DA370 /* libIndivoServer.a in Frameworks */,
				EE30A4BD145B91C30077E832 /* UIKit.framework in Frameworks */,
				EE30A4BF145B91C30077E832 /* Foundation.framework in Frameworks */,
				EE30A4C1145B91C30077E832 /* CoreGraphics.framework in Frameworks */,
			);
			runOnlyForDeploymentPostprocessing = 0;
		};
/* End PBXFrameworksBuildPhase section */

/* Begin PBXGroup section */
		EE30A4AD145B91C30077E832 = {
			isa = PBXGroup;
			children = (
				EE30A4C2145B91C30077E832 /* MedReconcile */,
				EE30A4BB145B91C30077E832 /* Frameworks */,
				EE30A4B9145B91C30077E832 /* Products */,
			);
			sourceTree = "<group>";
		};
		EE30A4B9145B91C30077E832 /* Products */ = {
			isa = PBXGroup;
			children = (
				EE30A4B8145B91C30077E832 /* MedReconcile.app */,
			);
			name = Products;
			sourceTree = "<group>";
		};
		EE30A4BB145B91C30077E832 /* Frameworks */ = {
			isa = PBXGroup;
			children = (
				EECEC44C1475891D009D85FC /* QuartzCore.framework */,
				EEE62F91146ACB75000DA370 /* libIndivoServer.a */,
				EE30A4BC145B91C30077E832 /* UIKit.framework */,
				EE30A4BE145B91C30077E832 /* Foundation.framework */,
				EE30A4C0145B91C30077E832 /* CoreGraphics.framework */,
				EEDB8DAD145CE260001C6C2C /* libIndivoServer.a */,
				EEDB8DB4145CE69D001C6C2C /* libxml2.dylib */,
				EEDB8DB2145CE695001C6C2C /* Security.framework */,
			);
			name = Frameworks;
			sourceTree = "<group>";
		};
		EE30A4C2145B91C30077E832 /* MedReconcile */ = {
			isa = PBXGroup;
			children = (
				EE30A4CB145B91C30077E832 /* INAppDelegate.h */,
				EE30A4CC145B91C30077E832 /* INAppDelegate.m */,
				EEE62F97146AFAD4000DA370 /* Models */,
				EEA00A8C149950FB00F65AD9 /* UI Elements */,
				EEA45081146D764900DC9EB1 /* Views */,
				EE6461D9145F18020007C6B9 /* View Controller */,
				EE472612147308F100EAFDA3 /* Images */,
				EE30A4C3145B91C30077E832 /* Supporting Files */,
			);
			name = MedReconcile;
			sourceTree = SOURCE_ROOT;
		};
		EE30A4C3145B91C30077E832 /* Supporting Files */ = {
			isa = PBXGroup;
			children = (
				EE30A4C4145B91C30077E832 /* MedReconcile-Info.plist */,
				EE30A4C5145B91C30077E832 /* InfoPlist.strings */,
				EE30A4C8145B91C30077E832 /* main.m */,
				EE30A4CA145B91C30077E832 /* MedReconcile-Prefix.pch */,
			);
			name = "Supporting Files";
			sourceTree = "<group>";
		};
		EE472612147308F100EAFDA3 /* Images */ = {
			isa = PBXGroup;
			children = (
				EECEC44E1475A0D8009D85FC /* statusGreen@2x.png */,
				EECEC44A1475854B009D85FC /* white_carbon.png */,
				EECEC44714758415009D85FC /* statusGreen.png */,
				EE72154314748CA4008835C5 /* tile.png */,
				EE472610147308EA00EAFDA3 /* pillDefault.png */,
				EE4434C01491726C00CC6344 /* buttonGray.png */,
				EE4434C214917CF500CC6344 /* buttonRed.png */,
				EE4434C414917F7500CC6344 /* buttonBlue.png */,
				EE4434CA1491892600CC6344 /* buttonGreen.png */,
				EE4434C6149188A500CC6344 /* buttonPressed.png */,
				EE4434C8149188AB00CC6344 /* buttonDisabled.png */,
			);
			name = Images;
			sourceTree = "<group>";
		};
		EE6461D9145F18020007C6B9 /* View Controller */ = {
			isa = PBXGroup;
			children = (
				EE30A4CE145B91C30077E832 /* INMedListController.h */,
				EE30A4CF145B91C30077E832 /* INMedListController.m */,
				EE6461D3145F17FC0007C6B9 /* INNewMedViewController.h */,
				EE6461D4145F17FC0007C6B9 /* INNewMedViewController.m */,
				EE4434B714915FAB00CC6344 /* INMedEditViewController.h */,
				EE4434B814915FAC00CC6344 /* INMedEditViewController.m */,
				EEA00A861499321000F65AD9 /* INMedEditViewController.xib */,
				EE47261314730FC400EAFDA3 /* INEditMedViewController.h */,
				EE47261414730FC400EAFDA3 /* INEditMedViewController.m */,
				EE4726161473102B00EAFDA3 /* INEditMedViewController.xib */,
				EE9F067614688252000412C4 /* NSArray+NilProtection.h */,
				EE9F067714688252000412C4 /* NSArray+NilProtection.m */,
				EE72154514749298008835C5 /* UIView+Utilities.h */,
				EE72154614749299008835C5 /* UIView+Utilities.m */,
				EEA00A8D1499595300F65AD9 /* UIViewController+Utilities.h */,
				EEA00A8E1499595300F65AD9 /* UIViewController+Utilities.m */,
			);
			name = "View Controller";
			path = ViewController;
			sourceTree = "<group>";
		};
		EEA00A8C149950FB00F65AD9 /* UI Elements */ = {
			isa = PBXGroup;
			children = (
				EEA00A89149950F700F65AD9 /* INButton.h */,
				EEA00A8A149950F700F65AD9 /* INButton.m */,
			);
			name = "UI Elements";
			sourceTree = "<group>";
		};
		EEA45081146D764900DC9EB1 /* Views */ = {
			isa = PBXGroup;
			children = (
				EEA4507D146D764500DC9EB1 /* INMedContainer.h */,
				EEA4507E146D764500DC9EB1 /* INMedContainer.m */,
				EEA45082146D768500DC9EB1 /* INMedTile.h */,
				EEA45083146D768500DC9EB1 /* INMedTile.m */,
				EE4434BB1491608000CC6344 /* INMedDetailTile.h */,
				EE4434BC1491608000CC6344 /* INMedDetailTile.m */,
				EE4434BE149168BA00CC6344 /* INMedDetailTile.xib */,
			);
			name = Views;
			sourceTree = "<group>";
		};
		EEE62F97146AFAD4000DA370 /* Models */ = {
			isa = PBXGroup;
			children = (
				EEE62F94146AFACD000DA370 /* INTableSection.h */,
				EEE62F95146AFACD000DA370 /* INTableSection.m */,
				EE47260C1472D22600EAFDA3 /* INRxNormLoader.h */,
				EE47260D1472D22600EAFDA3 /* INRxNormLoader.m */,
			);
			name = Models;
			sourceTree = "<group>";
		};
/* End PBXGroup section */

/* Begin PBXNativeTarget section */
		EE30A4B7145B91C30077E832 /* MedReconcile */ = {
			isa = PBXNativeTarget;
			buildConfigurationList = EE30A4D9145B91C30077E832 /* Build configuration list for PBXNativeTarget "MedReconcile" */;
			buildPhases = (
				EE30A4B4145B91C30077E832 /* Sources */,
				EE30A4B5145B91C30077E832 /* Frameworks */,
				EE30A4B6145B91C30077E832 /* Resources */,
			);
			buildRules = (
			);
			dependencies = (
			);
			name = MedReconcile;
			productName = MedReconcile;
			productReference = EE30A4B8145B91C30077E832 /* MedReconcile.app */;
			productType = "com.apple.product-type.application";
		};
/* End PBXNativeTarget section */

/* Begin PBXProject section */
		EE30A4AF145B91C30077E832 /* Project object */ = {
			isa = PBXProject;
			attributes = {
				LastUpgradeCheck = 0420;
				ORGANIZATIONNAME = "Children's Hospital Boston";
			};
			buildConfigurationList = EE30A4B2145B91C30077E832 /* Build configuration list for PBXProject "MedReconcile" */;
			compatibilityVersion = "Xcode 3.2";
			developmentRegion = English;
			hasScannedForEncodings = 0;
			knownRegions = (
				en,
			);
			mainGroup = EE30A4AD145B91C30077E832;
			productRefGroup = EE30A4B9145B91C30077E832 /* Products */;
			projectDirPath = "";
			projectRoot = "";
			targets = (
				EE30A4B7145B91C30077E832 /* MedReconcile */,
			);
		};
/* End PBXProject section */

/* Begin PBXResourcesBuildPhase section */
		EE30A4B6145B91C30077E832 /* Resources */ = {
			isa = PBXResourcesBuildPhase;
			buildActionMask = 2147483647;
			files = (
				EE30A4C7145B91C30077E832 /* InfoPlist.strings in Resources */,
				EE472611147308EA00EAFDA3 /* pillDefault.png in Resources */,
				EE4726171473102B00EAFDA3 /* INEditMedViewController.xib in Resources */,
				EE72154414748CA4008835C5 /* tile.png in Resources */,
				EECEC44814758415009D85FC /* statusGreen.png in Resources */,
				EECEC44B1475854B009D85FC /* white_carbon.png in Resources */,
				EECEC44F1475A0D8009D85FC /* statusGreen@2x.png in Resources */,
				EE4434BF149168BA00CC6344 /* INMedDetailTile.xib in Resources */,
				EE4434C11491726C00CC6344 /* buttonGray.png in Resources */,
				EE4434C314917CF500CC6344 /* buttonRed.png in Resources */,
				EE4434C514917F7500CC6344 /* buttonBlue.png in Resources */,
				EE4434C7149188A500CC6344 /* buttonPressed.png in Resources */,
				EE4434C9149188AB00CC6344 /* buttonDisabled.png in Resources */,
				EE4434CB1491892600CC6344 /* buttonGreen.png in Resources */,
				EEA00A871499321000F65AD9 /* INMedEditViewController.xib in Resources */,
			);
			runOnlyForDeploymentPostprocessing = 0;
		};
/* End PBXResourcesBuildPhase section */

/* Begin PBXSourcesBuildPhase section */
		EE30A4B4145B91C30077E832 /* Sources */ = {
			isa = PBXSourcesBuildPhase;
			buildActionMask = 2147483647;
			files = (
				EE6461E5145F1AAE0007C6B9 /* main.m in Sources */,
				EE6461E2145F1AA20007C6B9 /* INAppDelegate.m in Sources */,
				EE6461E3145F1AA60007C6B9 /* INMedListController.m in Sources */,
				EE6461E4145F1AA80007C6B9 /* INNewMedViewController.m in Sources */,
				EE9F067814688252000412C4 /* NSArray+NilProtection.m in Sources */,
				EEE62F96146AFACD000DA370 /* INTableSection.m in Sources */,
				EEA4507F146D764500DC9EB1 /* INMedContainer.m in Sources */,
				EEA45084146D768500DC9EB1 /* INMedTile.m in Sources */,
				EE47260E1472D22600EAFDA3 /* INRxNormLoader.m in Sources */,
				EE47261514730FC400EAFDA3 /* INEditMedViewController.m in Sources */,
				EE72154714749299008835C5 /* UIView+Utilities.m in Sources */,
				EE4434B914915FAC00CC6344 /* INMedEditViewController.m in Sources */,
				EE4434BD1491608000CC6344 /* INMedDetailTile.m in Sources */,
				EEA00A8B149950F700F65AD9 /* INButton.m in Sources */,
				EEA00A8F1499595400F65AD9 /* UIViewController+Utilities.m in Sources */,
			);
			runOnlyForDeploymentPostprocessing = 0;
		};
/* End PBXSourcesBuildPhase section */

/* Begin PBXVariantGroup section */
		EE30A4C5145B91C30077E832 /* InfoPlist.strings */ = {
			isa = PBXVariantGroup;
			children = (
				EE30A4C6145B91C30077E832 /* en */,
			);
			name = InfoPlist.strings;
			sourceTree = "<group>";
		};
/* End PBXVariantGroup section */

/* Begin XCBuildConfiguration section */
		EE30A4D7145B91C30077E832 /* Debug */ = {
			isa = XCBuildConfiguration;
			buildSettings = {
				ALWAYS_SEARCH_USER_PATHS = NO;
				ARCHS = "$(ARCHS_STANDARD_32_BIT)";
				CLANG_ENABLE_OBJC_ARC = YES;
				"CODE_SIGN_IDENTITY[sdk=iphoneos*]" = "iPhone Developer";
				COPY_PHASE_STRIP = NO;
				GCC_C_LANGUAGE_STANDARD = gnu99;
				GCC_DYNAMIC_NO_PIC = NO;
				GCC_OPTIMIZATION_LEVEL = 0;
				GCC_PREPROCESSOR_DEFINITIONS = (
					"DEBUG=1",
					"$(inherited)",
				);
				GCC_SYMBOLS_PRIVATE_EXTERN = NO;
				GCC_VERSION = com.apple.compilers.llvm.clang.1_0;
				GCC_WARN_ABOUT_MISSING_PROTOTYPES = YES;
				GCC_WARN_ABOUT_RETURN_TYPE = YES;
				GCC_WARN_UNUSED_VARIABLE = YES;
				IPHONEOS_DEPLOYMENT_TARGET = 5.0;
				OTHER_LDFLAGS = "-ObjC";
				SDKROOT = iphoneos;
				TARGETED_DEVICE_FAMILY = "1,2";
				USER_HEADER_SEARCH_PATHS = "$(BUILT_PRODUCTS_DIR)/**";
			};
			name = Debug;
		};
		EE30A4D8145B91C30077E832 /* Release */ = {
			isa = XCBuildConfiguration;
			buildSettings = {
				ALWAYS_SEARCH_USER_PATHS = NO;
				ARCHS = "$(ARCHS_STANDARD_32_BIT)";
				CLANG_ENABLE_OBJC_ARC = YES;
				"CODE_SIGN_IDENTITY[sdk=iphoneos*]" = "iPhone Developer";
				COPY_PHASE_STRIP = YES;
				GCC_C_LANGUAGE_STANDARD = gnu99;
				GCC_VERSION = com.apple.compilers.llvm.clang.1_0;
				GCC_WARN_ABOUT_MISSING_PROTOTYPES = YES;
				GCC_WARN_ABOUT_RETURN_TYPE = YES;
				GCC_WARN_UNUSED_VARIABLE = YES;
				IPHONEOS_DEPLOYMENT_TARGET = 5.0;
				OTHER_CFLAGS = "-DNS_BLOCK_ASSERTIONS=1";
				OTHER_LDFLAGS = "-ObjC";
				SDKROOT = iphoneos;
				TARGETED_DEVICE_FAMILY = "1,2";
				USER_HEADER_SEARCH_PATHS = "$(BUILT_PRODUCTS_DIR)/**";
				VALIDATE_PRODUCT = YES;
			};
			name = Release;
		};
		EE30A4DA145B91C30077E832 /* Debug */ = {
			isa = XCBuildConfiguration;
			buildSettings = {
				GCC_PRECOMPILE_PREFIX_HEADER = YES;
				GCC_PREFIX_HEADER = "MedReconcile-Prefix.pch";
				INFOPLIST_FILE = "MedReconcile-Info.plist";
				IPHONEOS_DEPLOYMENT_TARGET = 4.0;
				PRODUCT_NAME = "$(TARGET_NAME)";
				WRAPPER_EXTENSION = app;
			};
			name = Debug;
		};
		EE30A4DB145B91C30077E832 /* Release */ = {
			isa = XCBuildConfiguration;
			buildSettings = {
				GCC_PRECOMPILE_PREFIX_HEADER = YES;
				GCC_PREFIX_HEADER = "MedReconcile-Prefix.pch";
				INFOPLIST_FILE = "MedReconcile-Info.plist";
				IPHONEOS_DEPLOYMENT_TARGET = 4.0;
				PRODUCT_NAME = "$(TARGET_NAME)";
				WRAPPER_EXTENSION = app;
			};
			name = Release;
		};
/* End XCBuildConfiguration section */

/* Begin XCConfigurationList section */
		EE30A4B2145B91C30077E832 /* Build configuration list for PBXProject "MedReconcile" */ = {
			isa = XCConfigurationList;
			buildConfigurations = (
				EE30A4D7145B91C30077E832 /* Debug */,
				EE30A4D8145B91C30077E832 /* Release */,
			);
			defaultConfigurationIsVisible = 0;
			defaultConfigurationName = Release;
		};
		EE30A4D9145B91C30077E832 /* Build configuration list for PBXNativeTarget "MedReconcile" */ = {
			isa = XCConfigurationList;
			buildConfigurations = (
				EE30A4DA145B91C30077E832 /* Debug */,
				EE30A4DB145B91C30077E832 /* Release */,
			);
			defaultConfigurationIsVisible = 0;
			defaultConfigurationName = Release;
		};
/* End XCConfigurationList section */
	};
	rootObject = EE30A4AF145B91C30077E832 /* Project object */;
}
